
Microsoft Visual Studio Solution File, Format Version 12.00
# Visual Studio Version 17
VisualStudioVersion = 17.10.35122.118
MinimumVisualStudioVersion = 10.0.40219.1
Project("{FAE04EC0-301F-11D3-BF4B-00C04F79EFBC}") = "CareMiApi4", "CareMiApi4\CareMiApi4.csproj", "{0551B91D-565A-4A63-AB1A-2C469D1C0829}"
EndProject
Global
	GlobalSection(SolutionConfigurationPlatforms) = preSolution
		Debug|Any CPU = Debug|Any CPU
		Release|Any CPU = Release|Any CPU
	EndGlobalSection
	GlobalSection(ProjectConfigurationPlatforms) = postSolution
		{0551B91D-565A-4A63-AB1A-2C469D1C0829}.Debug|Any CPU.ActiveCfg = Debug|Any CPU
		{0551B91D-565A-4A63-AB1A-2C469D1C0829}.Debug|Any CPU.Build.0 = Debug|Any CPU
		{0551B91D-565A-4A63-AB1A-2C469D1C0829}.Release|Any CPU.ActiveCfg = Release|Any CPU
		{0551B91D-565A-4A63-AB1A-2C469D1C0829}.Release|Any CPU.Build.0 = Release|Any CPU
	EndGlobalSection
	GlobalSection(SolutionProperties) = preSolution
		HideSolutionNode = FALSE
	EndGlobalSection
	GlobalSection(ExtensibilityGlobals) = postSolution
		SolutionGuid = {80F5C171-6B2F-464A-95A1-9889910394F0}
	EndGlobalSection
EndGlobal
